
Microsoft Visual Studio Solution File, Format Version 12.00
# Visual Studio Version 16
VisualStudioVersion = 16.0.33027.164
MinimumVisualStudioVersion = 10.0.40219.1
Project("{9A19103F-16F7-4668-BE54-9A1E7A4F7556}") = "MVCGarden", "MVCGarden\MVCGarden.csproj", "{48C385C0-F6D2-4C76-85FC-60E5D39C18BD}"
EndProject
Project("{FAE04EC0-301F-11D3-BF4B-00C04F79EFBC}") = "MVCTransport", "MVCTransport\MVCTransport.csproj", "{450E8C2E-650C-44DC-8AE3-3D0844624966}"
EndProject
Global
	GlobalSection(SolutionConfigurationPlatforms) = preSolution
		Debug|Any CPU = Debug|Any CPU
		Release|Any CPU = Release|Any CPU
	EndGlobalSection
	GlobalSection(ProjectConfigurationPlatforms) = postSolution
		{48C385C0-F6D2-4C76-85FC-60E5D39C18BD}.Debug|Any CPU.ActiveCfg = Debug|Any CPU
		{48C385C0-F6D2-4C76-85FC-60E5D39C18BD}.Debug|Any CPU.Build.0 = Debug|Any CPU
		{48C385C0-F6D2-4C76-85FC-60E5D39C18BD}.Release|Any CPU.ActiveCfg = Release|Any CPU
		{48C385C0-F6D2-4C76-85FC-60E5D39C18BD}.Release|Any CPU.Build.0 = Release|Any CPU
		{450E8C2E-650C-44DC-8AE3-3D0844624966}.Debug|Any CPU.ActiveCfg = Debug|Any CPU
		{450E8C2E-650C-44DC-8AE3-3D0844624966}.Debug|Any CPU.Build.0 = Debug|Any CPU
		{450E8C2E-650C-44DC-8AE3-3D0844624966}.Release|Any CPU.ActiveCfg = Release|Any CPU
		{450E8C2E-650C-44DC-8AE3-3D0844624966}.Release|Any CPU.Build.0 = Release|Any CPU
	EndGlobalSection
	GlobalSection(SolutionProperties) = preSolution
		HideSolutionNode = FALSE
	EndGlobalSection
	GlobalSection(ExtensibilityGlobals) = postSolution
		SolutionGuid = {4FB922AC-6998-4F43-9E9D-F17C3B5CE291}
	EndGlobalSection
EndGlobal
